// !$*UTF8*$!
{
	archiveVersion = 1;
	classes = {
	};
	objectVersion = 50;
	objects = {

/* Begin PBXBuildFile section */
		B2F614C1260D9DC000B00DAF /* AppDelegate.swift in Sources */ = {isa = PBXBuildFile; fileRef = B2F614C0260D9DC000B00DAF /* AppDelegate.swift */; };
		B2F614C3260D9DC000B00DAF /* SceneDelegate.swift in Sources */ = {isa = PBXBuildFile; fileRef = B2F614C2260D9DC000B00DAF /* SceneDelegate.swift */; };
		B2F614C5260D9DC000B00DAF /* ViewController.swift in Sources */ = {isa = PBXBuildFile; fileRef = B2F614C4260D9DC000B00DAF /* ViewController.swift */; };
		B2F614C8260D9DC000B00DAF /* Main.storyboard in Resources */ = {isa = PBXBuildFile; fileRef = B2F614C6260D9DC000B00DAF /* Main.storyboard */; };
		B2F614CB260D9DC000B00DAF /* Calling_API.xcdatamodeld in Sources */ = {isa = PBXBuildFile; fileRef = B2F614C9260D9DC000B00DAF /* Calling_API.xcdatamodeld */; };
		B2F614CD260D9DC200B00DAF /* Assets.xcassets in Resources */ = {isa = PBXBuildFile; fileRef = B2F614CC260D9DC200B00DAF /* Assets.xcassets */; };
		B2F614D0260D9DC200B00DAF /* LaunchScreen.storyboard in Resources */ = {isa = PBXBuildFile; fileRef = B2F614CE260D9DC200B00DAF /* LaunchScreen.storyboard */; };
/* End PBXBuildFile section */

/* Begin PBXFileReference section */
		B2F614BD260D9DC000B00DAF /* Calling API.app */ = {isa = PBXFileReference; explicitFileType = wrapper.application; includeInIndex = 0; path = "Calling API.app"; sourceTree = BUILT_PRODUCTS_DIR; };
		B2F614C0260D9DC000B00DAF /* AppDelegate.swift */ = {isa = PBXFileReference; lastKnownFileType = sourcecode.swift; path = AppDelegate.swift; sourceTree = "<group>"; };
		B2F614C2260D9DC000B00DAF /* SceneDelegate.swift */ = {isa = PBXFileReference; lastKnownFileType = sourcecode.swift; path = SceneDelegate.swift; sourceTree = "<group>"; };
		B2F614C4260D9DC000B00DAF /* ViewController.swift */ = {isa = PBXFileReference; lastKnownFileType = sourcecode.swift; path = ViewController.swift; sourceTree = "<group>"; };
		B2F614C7260D9DC000B00DAF /* Base */ = {isa = PBXFileReference; lastKnownFileType = file.storyboard; name = Base; path = Base.lproj/Main.storyboard; sourceTree = "<group>"; };
		B2F614CA260D9DC000B00DAF /* Calling_API.xcdatamodel */ = {isa = PBXFileReference; lastKnownFileType = wrapper.xcdatamodel; path = Calling_API.xcdatamodel; sourceTree = "<group>"; };
		B2F614CC260D9DC200B00DAF /* Assets.xcassets */ = {isa = PBXFileReference; lastKnownFileType = folder.assetcatalog; path = Assets.xcassets; sourceTree = "<group>"; };
		B2F614CF260D9DC200B00DAF /* Base */ = {isa = PBXFileReference; lastKnownFileType = file.storyboard; name = Base; path = Base.lproj/LaunchScreen.storyboard; sourceTree = "<group>"; };
		B2F614D1260D9DC200B00DAF /* Info.plist */ = {isa = PBXFileReference; lastKnownFileType = text.plist.xml; path = Info.plist; sourceTree = "<group>"; };
/* End PBXFileReference section */

/* Begin PBXFrameworksBuildPhase section */
		B2F614BA260D9DC000B00DAF /* Frameworks */ = {
			isa = PBXFrameworksBuildPhase;
			buildActionMask = 2147483647;
			files = (
			);
			runOnlyForDeploymentPostprocessing = 0;
		};
/* End PBXFrameworksBuildPhase section */

/* Begin PBXGroup section */
		B2F614B4260D9DC000B00DAF = {
			isa = PBXGroup;
			children = (
				B2F614BF260D9DC000B00DAF /* Calling API */,
				B2F614BE260D9DC000B00DAF /* Products */,
			);
			sourceTree = "<group>";
		};
		B2F614BE260D9DC000B00DAF /* Products */ = {
			isa = PBXGroup;
			children = (
				B2F614BD260D9DC000B00DAF /* Calling API.app */,
			);
			name = Products;
			sourceTree = "<group>";
		};
		B2F614BF260D9DC000B00DAF /* Calling API */ = {
			isa = PBXGroup;
			children = (
				B2F614C0260D9DC000B00DAF /* AppDelegate.swift */,
				B2F614C2260D9DC000B00DAF /* SceneDelegate.swift */,
				B2F614C4260D9DC000B00DAF /* ViewController.swift */,
				B2F614C6260D9DC000B00DAF /* Main.storyboard */,
				B2F614CC260D9DC200B00DAF /* Assets.xcassets */,
				B2F614CE260D9DC200B00DAF /* LaunchScreen.storyboard */,
				B2F614D1260D9DC200B00DAF /* Info.plist */,
				B2F614C9260D9DC000B00DAF /* Calling_API.xcdatamodeld */,
			);
			path = "Calling API";
			sourceTree = "<group>";
		};
/* End PBXGroup section */

/* Begin PBXNativeTarget section */
		B2F614BC260D9DC000B00DAF /* Calling API */ = {
			isa = PBXNativeTarget;
			buildConfigurationList = B2F614D4260D9DC200B00DAF /* Build configuration list for PBXNativeTarget "Calling API" */;
			buildPhases = (
				B2F614B9260D9DC000B00DAF /* Sources */,
				B2F614BA260D9DC000B00DAF /* Frameworks */,
				B2F614BB260D9DC000B00DAF /* Resources */,
			);
			buildRules = (
			);
			dependencies = (
			);
			name = "Calling API";
			productName = "Calling API";
			productReference = B2F614BD260D9DC000B00DAF /* Calling API.app */;
			productType = "com.apple.product-type.application";
		};
/* End PBXNativeTarget section */

/* Begin PBXProject section */
		B2F614B5260D9DC000B00DAF /* Project object */ = {
			isa = PBXProject;
			attributes = {
				LastSwiftUpdateCheck = 1160;
				LastUpgradeCheck = 1160;
				ORGANIZATIONNAME = Yashashrig;
				TargetAttributes = {
					B2F614BC260D9DC000B00DAF = {
						CreatedOnToolsVersion = 11.6;
					};
				};
			};
			buildConfigurationList = B2F614B8260D9DC000B00DAF /* Build configuration list for PBXProject "Calling API" */;
			compatibilityVersion = "Xcode 9.3";
			developmentRegion = en;
			hasScannedForEncodings = 0;
			knownRegions = (
				en,
				Base,
			);
			mainGroup = B2F614B4260D9DC000B00DAF;
			productRefGroup = B2F614BE260D9DC000B00DAF /* Products */;
			projectDirPath = "";
			projectRoot = "";
			targets = (
				B2F614BC260D9DC000B00DAF /* Calling API */,
			);
		};
/* End PBXProject section */

/* Begin PBXResourcesBuildPhase section */
		B2F614BB260D9DC000B00DAF /* Resources */ = {
			isa = PBXResourcesBuildPhase;
			buildActionMask = 2147483647;
			files = (
				B2F614D0260D9DC200B00DAF /* LaunchScreen.storyboard in Resources */,
				B2F614CD260D9DC200B00DAF /* Assets.xcassets in Resources */,
				B2F614C8260D9DC000B00DAF /* Main.storyboard in Resources */,
			);
			runOnlyForDeploymentPostprocessing = 0;
		};
/* End PBXResourcesBuildPhase section */

/* Begin PBXSourcesBuildPhase section */
		B2F614B9260D9DC000B00DAF /* Sources */ = {
			isa = PBXSourcesBuildPhase;
			buildActionMask = 2147483647;
			files = (
				B2F614C5260D9DC000B00DAF /* ViewController.swift in Sources */,
				B2F614C1260D9DC000B00DAF /* AppDelegate.swift in Sources */,
				B2F614C3260D9DC000B00DAF /* SceneDelegate.swift in Sources */,
				B2F614CB260D9DC000B00DAF /* Calling_API.xcdatamodeld in Sources */,
			);
			runOnlyForDeploymentPostprocessing = 0;
		};
/* End PBXSourcesBuildPhase section */

/* Begin PBXVariantGroup section */
		B2F614C6260D9DC000B00DAF /* Main.storyboard */ = {
			isa = PBXVariantGroup;
			children = (
				B2F614C7260D9DC000B00DAF /* Base */,
			);
			name = Main.storyboard;
			sourceTree = "<group>";
		};
		B2F614CE260D9DC200B00DAF /* LaunchScreen.storyboard */ = {
			isa = PBXVariantGroup;
			children = (
				B2F614CF260D9DC200B00DAF /* Base */,
			);
			name = LaunchScreen.storyboard;
			sourceTree = "<group>";
		};
/* End PBXVariantGroup section */

/* Begin XCBuildConfiguration section */
		B2F614D2260D9DC200B00DAF /* Debug */ = {
			isa = XCBuildConfiguration;
			buildSettings = {
				ALWAYS_SEARCH_USER_PATHS = NO;
				CLANG_ANALYZER_NONNULL = YES;
				CLANG_ANALYZER_NUMBER_OBJECT_CONVERSION = YES_AGGRESSIVE;
				CLANG_CXX_LANGUAGE_STANDARD = "gnu++14";
				CLANG_CXX_LIBRARY = "libc++";
				CLANG_ENABLE_MODULES = YES;
				CLANG_ENABLE_OBJC_ARC = YES;
				CLANG_ENABLE_OBJC_WEAK = YES;
				CLANG_WARN_BLOCK_CAPTURE_AUTORELEASING = YES;
				CLANG_WARN_BOOL_CONVERSION = YES;
				CLANG_WARN_COMMA = YES;
				CLANG_WARN_CONSTANT_CONVERSION = YES;
				CLANG_WARN_DEPRECATED_OBJC_IMPLEMENTATIONS = YES;
				CLANG_WARN_DIRECT_OBJC_ISA_USAGE = YES_ERROR;
				CLANG_WARN_DOCUMENTATION_COMMENTS = YES;
				CLANG_WARN_EMPTY_BODY = YES;
				CLANG_WARN_ENUM_CONVERSION = YES;
				CLANG_WARN_INFINITE_RECURSION = YES;
				CLANG_WARN_INT_CONVERSION = YES;
				CLANG_WARN_NON_LITERAL_NULL_CONVERSION = YES;
				CLANG_WARN_OBJC_IMPLICIT_RETAIN_SELF = YES;
				CLANG_WARN_OBJC_LITERAL_CONVERSION = YES;
				CLANG_WARN_OBJC_ROOT_CLASS = YES_ERROR;
				CLANG_WARN_RANGE_LOOP_ANALYSIS = YES;
				CLANG_WARN_STRICT_PROTOTYPES = YES;
				CLANG_WARN_SUSPICIOUS_MOVE = YES;
				CLANG_WARN_UNGUARDED_AVAILABILITY = YES_AGGRESSIVE;
				CLANG_WARN_UNREACHABLE_CODE = YES;
				CLANG_WARN__DUPLICATE_METHOD_MATCH = YES;
				COPY_PHASE_STRIP = NO;
				DEBUG_INFORMATION_FORMAT = dwarf;
				ENABLE_STRICT_OBJC_MSGSEND = YES;
				ENABLE_TESTABILITY = YES;
				GCC_C_LANGUAGE_STANDARD = gnu11;
				GCC_DYNAMIC_NO_PIC = NO;
				GCC_NO_COMMON_BLOCKS = YES;
				GCC_OPTIMIZATION_LEVEL = 0;
				GCC_PREPROCESSOR_DEFINITIONS = (
					"DEBUG=1",
					"$(inherited)",
				);
				GCC_WARN_64_TO_32_BIT_CONVERSION = YES;
				GCC_WARN_ABOUT_RETURN_TYPE = YES_ERROR;
				GCC_WARN_UNDECLARED_SELECTOR = YES;
				GCC_WARN_UNINITIALIZED_AUTOS = YES_AGGRESSIVE;
				GCC_WARN_UNUSED_FUNCTION = YES;
				GCC_WARN_UNUSED_VARIABLE = YES;
				IPHONEOS_DEPLOYMENT_TARGET = 13.6;
				MTL_ENABLE_DEBUG_INFO = INCLUDE_SOURCE;
				MTL_FAST_MATH = YES;
				ONLY_ACTIVE_ARCH = YES;
				SDKROOT = iphoneos;
				SWIFT_ACTIVE_COMPILATION_CONDITIONS = DEBUG;
				SWIFT_OPTIMIZATION_LEVEL = "-Onone";
			};
			name = Debug;
		};
		B2F614D3260D9DC200B00DAF /* Release */ = {
			isa = XCBuildConfiguration;
			buildSettings = {
				ALWAYS_SEARCH_USER_PATHS = NO;
				CLANG_ANALYZER_NONNULL = YES;
				CLANG_ANALYZER_NUMBER_OBJECT_CONVERSION = YES_AGGRESSIVE;
				CLANG_CXX_LANGUAGE_STANDARD = "gnu++14";
				CLANG_CXX_LIBRARY = "libc++";
				CLANG_ENABLE_MODULES = YES;
				CLANG_ENABLE_OBJC_ARC = YES;
				CLANG_ENABLE_OBJC_WEAK = YES;
				CLANG_WARN_BLOCK_CAPTURE_AUTORELEASING = YES;
				CLANG_WARN_BOOL_CONVERSION = YES;
				CLANG_WARN_COMMA = YES;
				CLANG_WARN_CONSTANT_CONVERSION = YES;
				CLANG_WARN_DEPRECATED_OBJC_IMPLEMENTATIONS = YES;
				CLANG_WARN_DIRECT_OBJC_ISA_USAGE = YES_ERROR;
				CLANG_WARN_DOCUMENTATION_COMMENTS = YES;
				CLANG_WARN_EMPTY_BODY = YES;
				CLANG_WARN_ENUM_CONVERSION = YES;
				CLANG_WARN_INFINITE_RECURSION = YES;
				CLANG_WARN_INT_CONVERSION = YES;
				CLANG_WARN_NON_LITERAL_NULL_CONVERSION = YES;
				CLANG_WARN_OBJC_IMPLICIT_RETAIN_SELF = YES;
				CLANG_WARN_OBJC_LITERAL_CONVERSION = YES;
				CLANG_WARN_OBJC_ROOT_CLASS = YES_ERROR;
				CLANG_WARN_RANGE_LOOP_ANALYSIS = YES;
				CLANG_WARN_STRICT_PROTOTYPES = YES;
				CLANG_WARN_SUSPICIOUS_MOVE = YES;
				CLANG_WARN_UNGUARDED_AVAILABILITY = YES_AGGRESSIVE;
				CLANG_WARN_UNREACHABLE_CODE = YES;
				CLANG_WARN__DUPLICATE_METHOD_MATCH = YES;
				COPY_PHASE_STRIP = NO;
				DEBUG_INFORMATION_FORMAT = "dwarf-with-dsym";
				ENABLE_NS_ASSERTIONS = NO;
				ENABLE_STRICT_OBJC_MSGSEND = YES;
				GCC_C_LANGUAGE_STANDARD = gnu11;
				GCC_NO_COMMON_BLOCKS = YES;
				GCC_WARN_64_TO_32_BIT_CONVERSION = YES;
				GCC_WARN_ABOUT_RETURN_TYPE = YES_ERROR;
				GCC_WARN_UNDECLARED_SELECTOR = YES;
				GCC_WARN_UNINITIALIZED_AUTOS = YES_AGGRESSIVE;
				GCC_WARN_UNUSED_FUNCTION = YES;
				GCC_WARN_UNUSED_VARIABLE = YES;
				IPHONEOS_DEPLOYMENT_TARGET = 13.6;
				MTL_ENABLE_DEBUG_INFO = NO;
				MTL_FAST_MATH = YES;
				SDKROOT = iphoneos;
				SWIFT_COMPILATION_MODE = wholemodule;
				SWIFT_OPTIMIZATION_LEVEL = "-O";
				VALIDATE_PRODUCT = YES;
			};
			name = Release;
		};
		B2F614D5260D9DC200B00DAF /* Debug */ = {
			isa = XCBuildConfiguration;
			buildSettings = {
				ASSETCATALOG_COMPILER_APPICON_NAME = AppIcon;
				CODE_SIGN_STYLE = Automatic;
				INFOPLIST_FILE = "Calling API/Info.plist";
				LD_RUNPATH_SEARCH_PATHS = (
					"$(inherited)",
					"@executable_path/Frameworks",
				);
				PRODUCT_BUNDLE_IDENTIFIER = "com.Yashashrig.Calling-API";
				PRODUCT_NAME = "$(TARGET_NAME)";
				SWIFT_VERSION = 5.0;
				TARGETED_DEVICE_FAMILY = "1,2";
			};
			name = Debug;
		};
		B2F614D6260D9DC200B00DAF /* Release */ = {
			isa = XCBuildConfiguration;
			buildSettings = {
				ASSETCATALOG_COMPILER_APPICON_NAME = AppIcon;
				CODE_SIGN_STYLE = Automatic;
				INFOPLIST_FILE = "Calling API/Info.plist";
				LD_RUNPATH_SEARCH_PATHS = (
					"$(inherited)",
					"@executable_path/Frameworks",
				);
				PRODUCT_BUNDLE_IDENTIFIER = "com.Yashashrig.Calling-API";
				PRODUCT_NAME = "$(TARGET_NAME)";
				SWIFT_VERSION = 5.0;
				TARGETED_DEVICE_FAMILY = "1,2";
			};
			name = Release;
		};
/* End XCBuildConfiguration section */

/* Begin XCConfigurationList section */
		B2F614B8260D9DC000B00DAF /* Build configuration list for PBXProject "Calling API" */ = {
			isa = XCConfigurationList;
			buildConfigurations = (
				B2F614D2260D9DC200B00DAF /* Debug */,
				B2F614D3260D9DC200B00DAF /* Release */,
			);
			defaultConfigurationIsVisible = 0;
			defaultConfigurationName = Release;
		};
		B2F614D4260D9DC200B00DAF /* Build configuration list for PBXNativeTarget "Calling API" */ = {
			isa = XCConfigurationList;
			buildConfigurations = (
				B2F614D5260D9DC200B00DAF /* Debug */,
				B2F614D6260D9DC200B00DAF /* Release */,
			);
			defaultConfigurationIsVisible = 0;
			defaultConfigurationName = Release;
		};
/* End XCConfigurationList section */

/* Begin XCVersionGroup section */
		B2F614C9260D9DC000B00DAF /* Calling_API.xcdatamodeld */ = {
			isa = XCVersionGroup;
			children = (
				B2F614CA260D9DC000B00DAF /* Calling_API.xcdatamodel */,
			);
			currentVersion = B2F614CA260D9DC000B00DAF /* Calling_API.xcdatamodel */;
			path = Calling_API.xcdatamodeld;
			sourceTree = "<group>";
			versionGroupType = wrapper.xcdatamodel;
		};
/* End XCVersionGroup section */
	};
	rootObject = B2F614B5260D9DC000B00DAF /* Project object */;
}
